{
  "name": "colsif",
  "version": "1.0.0",
  "lockfileVersion": 3,
  "requires": true,
  "packages": {
    "": {
      "name": "colsif",
      "version": "1.0.0",
      "license": "MIT",
      "dependencies": {
        "@vercel/analytics": "^1.2.2"
      }
    },
    "node_modules/@vercel/analytics": {
      "version": "1.2.2",
      "resolved": "https://registry.npmjs.org/@vercel/analytics/-/analytics-1.2.2.tgz",
      "integrity": "sha512-X0rctVWkQV1e5Y300ehVNqpOfSOufo7ieA5PIdna8yX/U7Vjz0GFsGf4qvAhxV02uQ2CVt7GYcrFfddXXK2Y4A==",
      "dependencies": {
        "server-only": "^0.0.1"
      },
      "peerDependencies": {
        "next": ">= 13",
        "react": "^18 || ^19"
      },
      "peerDependenciesMeta": {
        "next": {
          "optional": true
        },
        "react": {
          "optional": true
        }
      }
    },
    "node_modules/server-only": {
      "version": "0.0.1",
      "resolved": "https://registry.npmjs.org/server-only/-/server-only-0.0.1.tgz",
      "integrity": "sha512-qepMx2JxAa5jjfzxG79yPPq+8BuFToHd1hm7kI+Z4zAq1ftQiP7HcxMhDDItrbtwVeLg/cY2JnKnrcFkmiswNA=="
    }
  }
}
